
Microsoft Visual Studio Solution File, Format Version 12.00
# Visual Studio Version 16
VisualStudioVersion = 16.0.30320.27
MinimumVisualStudioVersion = 10.0.40219.1
Project("{FAE04EC0-301F-11D3-BF4B-00C04F79EFBC}") = "ChangeableBodySliders", "ChangeableBodySliders\ChangeableBodySliders.csproj", "{678BC4DB-6002-4F6F-90FC-A7E6A2FCB6AD}"
EndProject
Global
	GlobalSection(SolutionConfigurationPlatforms) = preSolution
		Debug|Any CPU = Debug|Any CPU
		Debug|x64 = Debug|x64
		Export to Nexus|Any CPU = Export to Nexus|Any CPU
		Export to Nexus|x64 = Export to Nexus|x64
		Release|Any CPU = Release|Any CPU
		Release|x64 = Release|x64
	EndGlobalSection
	GlobalSection(ProjectConfigurationPlatforms) = postSolution
		{678BC4DB-6002-4F6F-90FC-A7E6A2FCB6AD}.Debug|Any CPU.ActiveCfg = Debug|Any CPU
		{678BC4DB-6002-4F6F-90FC-A7E6A2FCB6AD}.Debug|Any CPU.Build.0 = Debug|Any CPU
		{678BC4DB-6002-4F6F-90FC-A7E6A2FCB6AD}.Debug|x64.ActiveCfg = Debug|x64
		{678BC4DB-6002-4F6F-90FC-A7E6A2FCB6AD}.Debug|x64.Build.0 = Debug|x64
		{678BC4DB-6002-4F6F-90FC-A7E6A2FCB6AD}.Export to Nexus|Any CPU.ActiveCfg = Export to Nexus|Any CPU
		{678BC4DB-6002-4F6F-90FC-A7E6A2FCB6AD}.Export to Nexus|Any CPU.Build.0 = Export to Nexus|Any CPU
		{678BC4DB-6002-4F6F-90FC-A7E6A2FCB6AD}.Export to Nexus|x64.ActiveCfg = Export to Nexus|x64
		{678BC4DB-6002-4F6F-90FC-A7E6A2FCB6AD}.Export to Nexus|x64.Build.0 = Export to Nexus|x64
		{678BC4DB-6002-4F6F-90FC-A7E6A2FCB6AD}.Release|Any CPU.ActiveCfg = Release|Any CPU
		{678BC4DB-6002-4F6F-90FC-A7E6A2FCB6AD}.Release|Any CPU.Build.0 = Release|Any CPU
		{678BC4DB-6002-4F6F-90FC-A7E6A2FCB6AD}.Release|x64.ActiveCfg = Release|x64
		{678BC4DB-6002-4F6F-90FC-A7E6A2FCB6AD}.Release|x64.Build.0 = Release|x64
	EndGlobalSection
	GlobalSection(SolutionProperties) = preSolution
		HideSolutionNode = FALSE
	EndGlobalSection
	GlobalSection(ExtensibilityGlobals) = postSolution
		SolutionGuid = {039AD125-2DDC-4CE5-B44C-96C8B94414DE}
	EndGlobalSection
EndGlobal
